# THIS IS AN AUTOGENERATED FILE. DO NOT EDIT THIS FILE DIRECTLY.
# yarn lockfile v1


run-node@3.0.0:
  version "3.0.0"
  resolved "https://registry.yarnpkg.com/run-node/-/run-node-3.0.0.tgz#2dc62dd481311d9b06d9dba6d4186f51a98f1525"
  integrity sha512-MIO6fytrohsYGY5qzrTmI6Leh3Bh98jwWMabpZJTejbw68uJn+3QgqN0g4xQgrbn5216VrgyQiDGI6EXVwfwrw==
